// !$*UTF8*$!
{
	archiveVersion = 1;
	classes = {
	};
	objectVersion = 56;
	objects = {

/* Begin PBXBuildFile section */
		CA76DA302999DB8300DCC103 /* AppDelegate.swift in Sources */ = {isa = PBXBuildFile; fileRef = CA76DA2F2999DB8300DCC103 /* AppDelegate.swift */; };
		CA76DA322999DB8300DCC103 /* SceneDelegate.swift in Sources */ = {isa = PBXBuildFile; fileRef = CA76DA312999DB8300DCC103 /* SceneDelegate.swift */; };
		CA76DA342999DB8300DCC103 /* ViewController.swift in Sources */ = {isa = PBXBuildFile; fileRef = CA76DA332999DB8300DCC103 /* ViewController.swift */; };
		CA76DA372999DB8300DCC103 /* Main.storyboard in Resources */ = {isa = PBXBuildFile; fileRef = CA76DA352999DB8300DCC103 /* Main.storyboard */; };
		CA76DA392999DB8400DCC103 /* Assets.xcassets in Resources */ = {isa = PBXBuildFile; fileRef = CA76DA382999DB8400DCC103 /* Assets.xcassets */; };
		CA76DA3C2999DB8400DCC103 /* LaunchScreen.storyboard in Resources */ = {isa = PBXBuildFile; fileRef = CA76DA3A2999DB8400DCC103 /* LaunchScreen.storyboard */; };
		CA76DA472999DB8400DCC103 /* SwiftTogetherTests.swift in Sources */ = {isa = PBXBuildFile; fileRef = CA76DA462999DB8400DCC103 /* SwiftTogetherTests.swift */; };
		CA76DA512999DB8400DCC103 /* SwiftTogetherUITests.swift in Sources */ = {isa = PBXBuildFile; fileRef = CA76DA502999DB8400DCC103 /* SwiftTogetherUITests.swift */; };
		CA76DA532999DB8400DCC103 /* SwiftTogetherUITestsLaunchTests.swift in Sources */ = {isa = PBXBuildFile; fileRef = CA76DA522999DB8400DCC103 /* SwiftTogetherUITestsLaunchTests.swift */; };
		CA76DA602999DCCA00DCC103 /* Class And Structures.swift in Sources */ = {isa = PBXBuildFile; fileRef = CA76DA5F2999DCCA00DCC103 /* Class And Structures.swift */; };
		CA76DA622999DE9D00DCC103 /* SecondViewController.swift in Sources */ = {isa = PBXBuildFile; fileRef = CA76DA612999DE9D00DCC103 /* SecondViewController.swift */; };
		CA76DA642999E03300DCC103 /* Shape.swift in Sources */ = {isa = PBXBuildFile; fileRef = CA76DA632999E03300DCC103 /* Shape.swift */; };
/* End PBXBuildFile section */

/* Begin PBXContainerItemProxy section */
		CA76DA432999DB8400DCC103 /* PBXContainerItemProxy */ = {
			isa = PBXContainerItemProxy;
			containerPortal = CA76DA242999DB8300DCC103 /* Project object */;
			proxyType = 1;
			remoteGlobalIDString = CA76DA2B2999DB8300DCC103;
			remoteInfo = SwiftTogether;
		};
		CA76DA4D2999DB8400DCC103 /* PBXContainerItemProxy */ = {
			isa = PBXContainerItemProxy;
			containerPortal = CA76DA242999DB8300DCC103 /* Project object */;
			proxyType = 1;
			remoteGlobalIDString = CA76DA2B2999DB8300DCC103;
			remoteInfo = SwiftTogether;
		};
/* End PBXContainerItemProxy section */

/* Begin PBXFileReference section */
		CA76DA2C2999DB8300DCC103 /* SwiftTogether.app */ = {isa = PBXFileReference; explicitFileType = wrapper.application; includeInIndex = 0; path = SwiftTogether.app; sourceTree = BUILT_PRODUCTS_DIR; };
		CA76DA2F2999DB8300DCC103 /* AppDelegate.swift */ = {isa = PBXFileReference; lastKnownFileType = sourcecode.swift; path = AppDelegate.swift; sourceTree = "<group>"; };
		CA76DA312999DB8300DCC103 /* SceneDelegate.swift */ = {isa = PBXFileReference; lastKnownFileType = sourcecode.swift; path = SceneDelegate.swift; sourceTree = "<group>"; };
		CA76DA332999DB8300DCC103 /* ViewController.swift */ = {isa = PBXFileReference; lastKnownFileType = sourcecode.swift; path = ViewController.swift; sourceTree = "<group>"; };
		CA76DA362999DB8300DCC103 /* Base */ = {isa = PBXFileReference; lastKnownFileType = file.storyboard; name = Base; path = Base.lproj/Main.storyboard; sourceTree = "<group>"; };
		CA76DA382999DB8400DCC103 /* Assets.xcassets */ = {isa = PBXFileReference; lastKnownFileType = folder.assetcatalog; path = Assets.xcassets; sourceTree = "<group>"; };
		CA76DA3B2999DB8400DCC103 /* Base */ = {isa = PBXFileReference; lastKnownFileType = file.storyboard; name = Base; path = Base.lproj/LaunchScreen.storyboard; sourceTree = "<group>"; };
		CA76DA3D2999DB8400DCC103 /* Info.plist */ = {isa = PBXFileReference; lastKnownFileType = text.plist.xml; path = Info.plist; sourceTree = "<group>"; };
		CA76DA422999DB8400DCC103 /* SwiftTogetherTests.xctest */ = {isa = PBXFileReference; explicitFileType = wrapper.cfbundle; includeInIndex = 0; path = SwiftTogetherTests.xctest; sourceTree = BUILT_PRODUCTS_DIR; };
		CA76DA462999DB8400DCC103 /* SwiftTogetherTests.swift */ = {isa = PBXFileReference; lastKnownFileType = sourcecode.swift; path = SwiftTogetherTests.swift; sourceTree = "<group>"; };
		CA76DA4C2999DB8400DCC103 /* SwiftTogetherUITests.xctest */ = {isa = PBXFileReference; explicitFileType = wrapper.cfbundle; includeInIndex = 0; path = SwiftTogetherUITests.xctest; sourceTree = BUILT_PRODUCTS_DIR; };
		CA76DA502999DB8400DCC103 /* SwiftTogetherUITests.swift */ = {isa = PBXFileReference; lastKnownFileType = sourcecode.swift; path = SwiftTogetherUITests.swift; sourceTree = "<group>"; };
		CA76DA522999DB8400DCC103 /* SwiftTogetherUITestsLaunchTests.swift */ = {isa = PBXFileReference; lastKnownFileType = sourcecode.swift; path = SwiftTogetherUITestsLaunchTests.swift; sourceTree = "<group>"; };
		CA76DA5F2999DCCA00DCC103 /* Class And Structures.swift */ = {isa = PBXFileReference; lastKnownFileType = sourcecode.swift; path = "Class And Structures.swift"; sourceTree = "<group>"; };
		CA76DA612999DE9D00DCC103 /* SecondViewController.swift */ = {isa = PBXFileReference; lastKnownFileType = sourcecode.swift; path = SecondViewController.swift; sourceTree = "<group>"; };
		CA76DA632999E03300DCC103 /* Shape.swift */ = {isa = PBXFileReference; lastKnownFileType = sourcecode.swift; path = Shape.swift; sourceTree = "<group>"; };
/* End PBXFileReference section */

/* Begin PBXFrameworksBuildPhase section */
		CA76DA292999DB8300DCC103 /* Frameworks */ = {
			isa = PBXFrameworksBuildPhase;
			buildActionMask = 2147483647;
			files = (
			);
			runOnlyForDeploymentPostprocessing = 0;
		};
		CA76DA3F2999DB8400DCC103 /* Frameworks */ = {
			isa = PBXFrameworksBuildPhase;
			buildActionMask = 2147483647;
			files = (
			);
			runOnlyForDeploymentPostprocessing = 0;
		};
		CA76DA492999DB8400DCC103 /* Frameworks */ = {
			isa = PBXFrameworksBuildPhase;
			buildActionMask = 2147483647;
			files = (
			);
			runOnlyForDeploymentPostprocessing = 0;
		};
/* End PBXFrameworksBuildPhase section */

/* Begin PBXGroup section */
		CA76DA232999DB8300DCC103 = {
			isa = PBXGroup;
			children = (
				CA76DA2E2999DB8300DCC103 /* SwiftTogether */,
				CA76DA452999DB8400DCC103 /* SwiftTogetherTests */,
				CA76DA4F2999DB8400DCC103 /* SwiftTogetherUITests */,
				CA76DA2D2999DB8300DCC103 /* Products */,
			);
			sourceTree = "<group>";
		};
		CA76DA2D2999DB8300DCC103 /* Products */ = {
			isa = PBXGroup;
			children = (
				CA76DA2C2999DB8300DCC103 /* SwiftTogether.app */,
				CA76DA422999DB8400DCC103 /* SwiftTogetherTests.xctest */,
				CA76DA4C2999DB8400DCC103 /* SwiftTogetherUITests.xctest */,
			);
			name = Products;
			sourceTree = "<group>";
		};
		CA76DA2E2999DB8300DCC103 /* SwiftTogether */ = {
			isa = PBXGroup;
			children = (
				CA76DA632999E03300DCC103 /* Shape.swift */,
				CA76DA2F2999DB8300DCC103 /* AppDelegate.swift */,
				CA76DA312999DB8300DCC103 /* SceneDelegate.swift */,
				CA76DA332999DB8300DCC103 /* ViewController.swift */,
				CA76DA612999DE9D00DCC103 /* SecondViewController.swift */,
				CA76DA352999DB8300DCC103 /* Main.storyboard */,
				CA76DA382999DB8400DCC103 /* Assets.xcassets */,
				CA76DA3A2999DB8400DCC103 /* LaunchScreen.storyboard */,
				CA76DA3D2999DB8400DCC103 /* Info.plist */,
				CA76DA5F2999DCCA00DCC103 /* Class And Structures.swift */,
			);
			path = SwiftTogether;
			sourceTree = "<group>";
		};
		CA76DA452999DB8400DCC103 /* SwiftTogetherTests */ = {
			isa = PBXGroup;
			children = (
				CA76DA462999DB8400DCC103 /* SwiftTogetherTests.swift */,
			);
			path = SwiftTogetherTests;
			sourceTree = "<group>";
		};
		CA76DA4F2999DB8400DCC103 /* SwiftTogetherUITests */ = {
			isa = PBXGroup;
			children = (
				CA76DA502999DB8400DCC103 /* SwiftTogetherUITests.swift */,
				CA76DA522999DB8400DCC103 /* SwiftTogetherUITestsLaunchTests.swift */,
			);
			path = SwiftTogetherUITests;
			sourceTree = "<group>";
		};
/* End PBXGroup section */

/* Begin PBXNativeTarget section */
		CA76DA2B2999DB8300DCC103 /* SwiftTogether */ = {
			isa = PBXNativeTarget;
			buildConfigurationList = CA76DA562999DB8400DCC103 /* Build configuration list for PBXNativeTarget "SwiftTogether" */;
			buildPhases = (
				CA76DA282999DB8300DCC103 /* Sources */,
				CA76DA292999DB8300DCC103 /* Frameworks */,
				CA76DA2A2999DB8300DCC103 /* Resources */,
			);
			buildRules = (
			);
			dependencies = (
			);
			name = SwiftTogether;
			productName = SwiftTogether;
			productReference = CA76DA2C2999DB8300DCC103 /* SwiftTogether.app */;
			productType = "com.apple.product-type.application";
		};
		CA76DA412999DB8400DCC103 /* SwiftTogetherTests */ = {
			isa = PBXNativeTarget;
			buildConfigurationList = CA76DA592999DB8400DCC103 /* Build configuration list for PBXNativeTarget "SwiftTogetherTests" */;
			buildPhases = (
				CA76DA3E2999DB8400DCC103 /* Sources */,
				CA76DA3F2999DB8400DCC103 /* Frameworks */,
				CA76DA402999DB8400DCC103 /* Resources */,
			);
			buildRules = (
			);
			dependencies = (
				CA76DA442999DB8400DCC103 /* PBXTargetDependency */,
			);
			name = SwiftTogetherTests;
			productName = SwiftTogetherTests;
			productReference = CA76DA422999DB8400DCC103 /* SwiftTogetherTests.xctest */;
			productType = "com.apple.product-type.bundle.unit-test";
		};
		CA76DA4B2999DB8400DCC103 /* SwiftTogetherUITests */ = {
			isa = PBXNativeTarget;
			buildConfigurationList = CA76DA5C2999DB8400DCC103 /* Build configuration list for PBXNativeTarget "SwiftTogetherUITests" */;
			buildPhases = (
				CA76DA482999DB8400DCC103 /* Sources */,
				CA76DA492999DB8400DCC103 /* Frameworks */,
				CA76DA4A2999DB8400DCC103 /* Resources */,
			);
			buildRules = (
			);
			dependencies = (
				CA76DA4E2999DB8400DCC103 /* PBXTargetDependency */,
			);
			name = SwiftTogetherUITests;
			productName = SwiftTogetherUITests;
			productReference = CA76DA4C2999DB8400DCC103 /* SwiftTogetherUITests.xctest */;
			productType = "com.apple.product-type.bundle.ui-testing";
		};
/* End PBXNativeTarget section */

/* Begin PBXProject section */
		CA76DA242999DB8300DCC103 /* Project object */ = {
			isa = PBXProject;
			attributes = {
				BuildIndependentTargetsInParallel = 1;
				LastSwiftUpdateCheck = 1420;
				LastUpgradeCheck = 1420;
				TargetAttributes = {
					CA76DA2B2999DB8300DCC103 = {
						CreatedOnToolsVersion = 14.2;
					};
					CA76DA412999DB8400DCC103 = {
						CreatedOnToolsVersion = 14.2;
						TestTargetID = CA76DA2B2999DB8300DCC103;
					};
					CA76DA4B2999DB8400DCC103 = {
						CreatedOnToolsVersion = 14.2;
						TestTargetID = CA76DA2B2999DB8300DCC103;
					};
				};
			};
			buildConfigurationList = CA76DA272999DB8300DCC103 /* Build configuration list for PBXProject "SwiftTogether" */;
			compatibilityVersion = "Xcode 14.0";
			developmentRegion = en;
			hasScannedForEncodings = 0;
			knownRegions = (
				en,
				Base,
			);
			mainGroup = CA76DA232999DB8300DCC103;
			productRefGroup = CA76DA2D2999DB8300DCC103 /* Products */;
			projectDirPath = "";
			projectRoot = "";
			targets = (
				CA76DA2B2999DB8300DCC103 /* SwiftTogether */,
				CA76DA412999DB8400DCC103 /* SwiftTogetherTests */,
				CA76DA4B2999DB8400DCC103 /* SwiftTogetherUITests */,
			);
		};
/* End PBXProject section */

/* Begin PBXResourcesBuildPhase section */
		CA76DA2A2999DB8300DCC103 /* Resources */ = {
			isa = PBXResourcesBuildPhase;
			buildActionMask = 2147483647;
			files = (
				CA76DA3C2999DB8400DCC103 /* LaunchScreen.storyboard in Resources */,
				CA76DA392999DB8400DCC103 /* Assets.xcassets in Resources */,
				CA76DA372999DB8300DCC103 /* Main.storyboard in Resources */,
			);
			runOnlyForDeploymentPostprocessing = 0;
		};
		CA76DA402999DB8400DCC103 /* Resources */ = {
			isa = PBXResourcesBuildPhase;
			buildActionMask = 2147483647;
			files = (
			);
			runOnlyForDeploymentPostprocessing = 0;
		};
		CA76DA4A2999DB8400DCC103 /* Resources */ = {
			isa = PBXResourcesBuildPhase;
			buildActionMask = 2147483647;
			files = (
			);
			runOnlyForDeploymentPostprocessing = 0;
		};
/* End PBXResourcesBuildPhase section */

/* Begin PBXSourcesBuildPhase section */
		CA76DA282999DB8300DCC103 /* Sources */ = {
			isa = PBXSourcesBuildPhase;
			buildActionMask = 2147483647;
			files = (
				CA76DA342999DB8300DCC103 /* ViewController.swift in Sources */,
				CA76DA302999DB8300DCC103 /* AppDelegate.swift in Sources */,
				CA76DA602999DCCA00DCC103 /* Class And Structures.swift in Sources */,
				CA76DA622999DE9D00DCC103 /* SecondViewController.swift in Sources */,
				CA76DA642999E03300DCC103 /* Shape.swift in Sources */,
				CA76DA322999DB8300DCC103 /* SceneDelegate.swift in Sources */,
			);
			runOnlyForDeploymentPostprocessing = 0;
		};
		CA76DA3E2999DB8400DCC103 /* Sources */ = {
			isa = PBXSourcesBuildPhase;
			buildActionMask = 2147483647;
			files = (
				CA76DA472999DB8400DCC103 /* SwiftTogetherTests.swift in Sources */,
			);
			runOnlyForDeploymentPostprocessing = 0;
		};
		CA76DA482999DB8400DCC103 /* Sources */ = {
			isa = PBXSourcesBuildPhase;
			buildActionMask = 2147483647;
			files = (
				CA76DA532999DB8400DCC103 /* SwiftTogetherUITestsLaunchTests.swift in Sources */,
				CA76DA512999DB8400DCC103 /* SwiftTogetherUITests.swift in Sources */,
			);
			runOnlyForDeploymentPostprocessing = 0;
		};
/* End PBXSourcesBuildPhase section */

/* Begin PBXTargetDependency section */
		CA76DA442999DB8400DCC103 /* PBXTargetDependency */ = {
			isa = PBXTargetDependency;
			target = CA76DA2B2999DB8300DCC103 /* SwiftTogether */;
			targetProxy = CA76DA432999DB8400DCC103 /* PBXContainerItemProxy */;
		};
		CA76DA4E2999DB8400DCC103 /* PBXTargetDependency */ = {
			isa = PBXTargetDependency;
			target = CA76DA2B2999DB8300DCC103 /* SwiftTogether */;
			targetProxy = CA76DA4D2999DB8400DCC103 /* PBXContainerItemProxy */;
		};
/* End PBXTargetDependency section */

/* Begin PBXVariantGroup section */
		CA76DA352999DB8300DCC103 /* Main.storyboard */ = {
			isa = PBXVariantGroup;
			children = (
				CA76DA362999DB8300DCC103 /* Base */,
			);
			name = Main.storyboard;
			sourceTree = "<group>";
		};
		CA76DA3A2999DB8400DCC103 /* LaunchScreen.storyboard */ = {
			isa = PBXVariantGroup;
			children = (
				CA76DA3B2999DB8400DCC103 /* Base */,
			);
			name = LaunchScreen.storyboard;
			sourceTree = "<group>";
		};
/* End PBXVariantGroup section */

/* Begin XCBuildConfiguration section */
		CA76DA542999DB8400DCC103 /* Debug */ = {
			isa = XCBuildConfiguration;
			buildSettings = {
				ALWAYS_SEARCH_USER_PATHS = NO;
				CLANG_ANALYZER_NONNULL = YES;
				CLANG_ANALYZER_NUMBER_OBJECT_CONVERSION = YES_AGGRESSIVE;
				CLANG_CXX_LANGUAGE_STANDARD = "gnu++20";
				CLANG_ENABLE_MODULES = YES;
				CLANG_ENABLE_OBJC_ARC = YES;
				CLANG_ENABLE_OBJC_WEAK = YES;
				CLANG_WARN_BLOCK_CAPTURE_AUTORELEASING = YES;
				CLANG_WARN_BOOL_CONVERSION = YES;
				CLANG_WARN_COMMA = YES;
				CLANG_WARN_CONSTANT_CONVERSION = YES;
				CLANG_WARN_DEPRECATED_OBJC_IMPLEMENTATIONS = YES;
				CLANG_WARN_DIRECT_OBJC_ISA_USAGE = YES_ERROR;
				CLANG_WARN_DOCUMENTATION_COMMENTS = YES;
				CLANG_WARN_EMPTY_BODY = YES;
				CLANG_WARN_ENUM_CONVERSION = YES;
				CLANG_WARN_INFINITE_RECURSION = YES;
				CLANG_WARN_INT_CONVERSION = YES;
				CLANG_WARN_NON_LITERAL_NULL_CONVERSION = YES;
				CLANG_WARN_OBJC_IMPLICIT_RETAIN_SELF = YES;
				CLANG_WARN_OBJC_LITERAL_CONVERSION = YES;
				CLANG_WARN_OBJC_ROOT_CLASS = YES_ERROR;
				CLANG_WARN_QUOTED_INCLUDE_IN_FRAMEWORK_HEADER = YES;
				CLANG_WARN_RANGE_LOOP_ANALYSIS = YES;
				CLANG_WARN_STRICT_PROTOTYPES = YES;
				CLANG_WARN_SUSPICIOUS_MOVE = YES;
				CLANG_WARN_UNGUARDED_AVAILABILITY = YES_AGGRESSIVE;
				CLANG_WARN_UNREACHABLE_CODE = YES;
				CLANG_WARN__DUPLICATE_METHOD_MATCH = YES;
				COPY_PHASE_STRIP = NO;
				DEBUG_INFORMATION_FORMAT = dwarf;
				ENABLE_STRICT_OBJC_MSGSEND = YES;
				ENABLE_TESTABILITY = YES;
				GCC_C_LANGUAGE_STANDARD = gnu11;
				GCC_DYNAMIC_NO_PIC = NO;
				GCC_NO_COMMON_BLOCKS = YES;
				GCC_OPTIMIZATION_LEVEL = 0;
				GCC_PREPROCESSOR_DEFINITIONS = (
					"DEBUG=1",
					"$(inherited)",
				);
				GCC_WARN_64_TO_32_BIT_CONVERSION = YES;
				GCC_WARN_ABOUT_RETURN_TYPE = YES_ERROR;
				GCC_WARN_UNDECLARED_SELECTOR = YES;
				GCC_WARN_UNINITIALIZED_AUTOS = YES_AGGRESSIVE;
				GCC_WARN_UNUSED_FUNCTION = YES;
				GCC_WARN_UNUSED_VARIABLE = YES;
				IPHONEOS_DEPLOYMENT_TARGET = 16.2;
				MTL_ENABLE_DEBUG_INFO = INCLUDE_SOURCE;
				MTL_FAST_MATH = YES;
				ONLY_ACTIVE_ARCH = YES;
				SDKROOT = iphoneos;
				SWIFT_ACTIVE_COMPILATION_CONDITIONS = DEBUG;
				SWIFT_OPTIMIZATION_LEVEL = "-Onone";
			};
			name = Debug;
		};
		CA76DA552999DB8400DCC103 /* Release */ = {
			isa = XCBuildConfiguration;
			buildSettings = {
				ALWAYS_SEARCH_USER_PATHS = NO;
				CLANG_ANALYZER_NONNULL = YES;
				CLANG_ANALYZER_NUMBER_OBJECT_CONVERSION = YES_AGGRESSIVE;
				CLANG_CXX_LANGUAGE_STANDARD = "gnu++20";
				CLANG_ENABLE_MODULES = YES;
				CLANG_ENABLE_OBJC_ARC = YES;
				CLANG_ENABLE_OBJC_WEAK = YES;
				CLANG_WARN_BLOCK_CAPTURE_AUTORELEASING = YES;
				CLANG_WARN_BOOL_CONVERSION = YES;
				CLANG_WARN_COMMA = YES;
				CLANG_WARN_CONSTANT_CONVERSION = YES;
				CLANG_WARN_DEPRECATED_OBJC_IMPLEMENTATIONS = YES;
				CLANG_WARN_DIRECT_OBJC_ISA_USAGE = YES_ERROR;
				CLANG_WARN_DOCUMENTATION_COMMENTS = YES;
				CLANG_WARN_EMPTY_BODY = YES;
				CLANG_WARN_ENUM_CONVERSION = YES;
				CLANG_WARN_INFINITE_RECURSION = YES;
				CLANG_WARN_INT_CONVERSION = YES;
				CLANG_WARN_NON_LITERAL_NULL_CONVERSION = YES;
				CLANG_WARN_OBJC_IMPLICIT_RETAIN_SELF = YES;
				CLANG_WARN_OBJC_LITERAL_CONVERSION = YES;
				CLANG_WARN_OBJC_ROOT_CLASS = YES_ERROR;
				CLANG_WARN_QUOTED_INCLUDE_IN_FRAMEWORK_HEADER = YES;
				CLANG_WARN_RANGE_LOOP_ANALYSIS = YES;
				CLANG_WARN_STRICT_PROTOTYPES = YES;
				CLANG_WARN_SUSPICIOUS_MOVE = YES;
				CLANG_WARN_UNGUARDED_AVAILABILITY = YES_AGGRESSIVE;
				CLANG_WARN_UNREACHABLE_CODE = YES;
				CLANG_WARN__DUPLICATE_METHOD_MATCH = YES;
				COPY_PHASE_STRIP = NO;
				DEBUG_INFORMATION_FORMAT = "dwarf-with-dsym";
				ENABLE_NS_ASSERTIONS = NO;
				ENABLE_STRICT_OBJC_MSGSEND = YES;
				GCC_C_LANGUAGE_STANDARD = gnu11;
				GCC_NO_COMMON_BLOCKS = YES;
				GCC_WARN_64_TO_32_BIT_CONVERSION = YES;
				GCC_WARN_ABOUT_RETURN_TYPE = YES_ERROR;
				GCC_WARN_UNDECLARED_SELECTOR = YES;
				GCC_WARN_UNINITIALIZED_AUTOS = YES_AGGRESSIVE;
				GCC_WARN_UNUSED_FUNCTION = YES;
				GCC_WARN_UNUSED_VARIABLE = YES;
				IPHONEOS_DEPLOYMENT_TARGET = 16.2;
				MTL_ENABLE_DEBUG_INFO = NO;
				MTL_FAST_MATH = YES;
				SDKROOT = iphoneos;
				SWIFT_COMPILATION_MODE = wholemodule;
				SWIFT_OPTIMIZATION_LEVEL = "-O";
				VALIDATE_PRODUCT = YES;
			};
			name = Release;
		};
		CA76DA572999DB8400DCC103 /* Debug */ = {
			isa = XCBuildConfiguration;
			buildSettings = {
				ASSETCATALOG_COMPILER_APPICON_NAME = AppIcon;
				ASSETCATALOG_COMPILER_GLOBAL_ACCENT_COLOR_NAME = AccentColor;
				CODE_SIGN_STYLE = Automatic;
				CURRENT_PROJECT_VERSION = 1;
				GENERATE_INFOPLIST_FILE = YES;
				INFOPLIST_FILE = SwiftTogether/Info.plist;
				INFOPLIST_KEY_UIApplicationSupportsIndirectInputEvents = YES;
				INFOPLIST_KEY_UILaunchStoryboardName = LaunchScreen;
				INFOPLIST_KEY_UIMainStoryboardFile = Main;
				INFOPLIST_KEY_UISupportedInterfaceOrientations_iPad = "UIInterfaceOrientationPortrait UIInterfaceOrientationPortraitUpsideDown UIInterfaceOrientationLandscapeLeft UIInterfaceOrientationLandscapeRight";
				INFOPLIST_KEY_UISupportedInterfaceOrientations_iPhone = "UIInterfaceOrientationPortrait UIInterfaceOrientationLandscapeLeft UIInterfaceOrientationLandscapeRight";
				LD_RUNPATH_SEARCH_PATHS = (
					"$(inherited)",
					"@executable_path/Frameworks",
				);
				MARKETING_VERSION = 1.0;
				PRODUCT_BUNDLE_IDENTIFIER = com.longstake.SwiftTogether;
				PRODUCT_NAME = "$(TARGET_NAME)";
				SWIFT_EMIT_LOC_STRINGS = YES;
				SWIFT_VERSION = 5.0;
				TARGETED_DEVICE_FAMILY = "1,2";
			};
			name = Debug;
		};
		CA76DA582999DB8400DCC103 /* Release */ = {
			isa = XCBuildConfiguration;
			buildSettings = {
				ASSETCATALOG_COMPILER_APPICON_NAME = AppIcon;
				ASSETCATALOG_COMPILER_GLOBAL_ACCENT_COLOR_NAME = AccentColor;
				CODE_SIGN_STYLE = Automatic;
				CURRENT_PROJECT_VERSION = 1;
				GENERATE_INFOPLIST_FILE = YES;
				INFOPLIST_FILE = SwiftTogether/Info.plist;
				INFOPLIST_KEY_UIApplicationSupportsIndirectInputEvents = YES;
				INFOPLIST_KEY_UILaunchStoryboardName = LaunchScreen;
				INFOPLIST_KEY_UIMainStoryboardFile = Main;
				INFOPLIST_KEY_UISupportedInterfaceOrientations_iPad = "UIInterfaceOrientationPortrait UIInterfaceOrientationPortraitUpsideDown UIInterfaceOrientationLandscapeLeft UIInterfaceOrientationLandscapeRight";
				INFOPLIST_KEY_UISupportedInterfaceOrientations_iPhone = "UIInterfaceOrientationPortrait UIInterfaceOrientationLandscapeLeft UIInterfaceOrientationLandscapeRight";
				LD_RUNPATH_SEARCH_PATHS = (
					"$(inherited)",
					"@executable_path/Frameworks",
				);
				MARKETING_VERSION = 1.0;
				PRODUCT_BUNDLE_IDENTIFIER = com.longstake.SwiftTogether;
				PRODUCT_NAME = "$(TARGET_NAME)";
				SWIFT_EMIT_LOC_STRINGS = YES;
				SWIFT_VERSION = 5.0;
				TARGETED_DEVICE_FAMILY = "1,2";
			};
			name = Release;
		};
		CA76DA5A2999DB8400DCC103 /* Debug */ = {
			isa = XCBuildConfiguration;
			buildSettings = {
				ALWAYS_EMBED_SWIFT_STANDARD_LIBRARIES = YES;
				BUNDLE_LOADER = "$(TEST_HOST)";
				CODE_SIGN_STYLE = Automatic;
				CURRENT_PROJECT_VERSION = 1;
				GENERATE_INFOPLIST_FILE = YES;
				IPHONEOS_DEPLOYMENT_TARGET = 16.2;
				MARKETING_VERSION = 1.0;
				PRODUCT_BUNDLE_IDENTIFIER = com.longstake.SwiftTogetherTests;
				PRODUCT_NAME = "$(TARGET_NAME)";
				SWIFT_EMIT_LOC_STRINGS = NO;
				SWIFT_VERSION = 5.0;
				TARGETED_DEVICE_FAMILY = "1,2";
				TEST_HOST = "$(BUILT_PRODUCTS_DIR)/SwiftTogether.app/$(BUNDLE_EXECUTABLE_FOLDER_PATH)/SwiftTogether";
			};
			name = Debug;
		};
		CA76DA5B2999DB8400DCC103 /* Release */ = {
			isa = XCBuildConfiguration;
			buildSettings = {
				ALWAYS_EMBED_SWIFT_STANDARD_LIBRARIES = YES;
				BUNDLE_LOADER = "$(TEST_HOST)";
				CODE_SIGN_STYLE = Automatic;
				CURRENT_PROJECT_VERSION = 1;
				GENERATE_INFOPLIST_FILE = YES;
				IPHONEOS_DEPLOYMENT_TARGET = 16.2;
				MARKETING_VERSION = 1.0;
				PRODUCT_BUNDLE_IDENTIFIER = com.longstake.SwiftTogetherTests;
				PRODUCT_NAME = "$(TARGET_NAME)";
				SWIFT_EMIT_LOC_STRINGS = NO;
				SWIFT_VERSION = 5.0;
				TARGETED_DEVICE_FAMILY = "1,2";
				TEST_HOST = "$(BUILT_PRODUCTS_DIR)/SwiftTogether.app/$(BUNDLE_EXECUTABLE_FOLDER_PATH)/SwiftTogether";
			};
			name = Release;
		};
		CA76DA5D2999DB8400DCC103 /* Debug */ = {
			isa = XCBuildConfiguration;
			buildSettings = {
				ALWAYS_EMBED_SWIFT_STANDARD_LIBRARIES = YES;
				CODE_SIGN_STYLE = Automatic;
				CURRENT_PROJECT_VERSION = 1;
				GENERATE_INFOPLIST_FILE = YES;
				MARKETING_VERSION = 1.0;
				PRODUCT_BUNDLE_IDENTIFIER = com.longstake.SwiftTogetherUITests;
				PRODUCT_NAME = "$(TARGET_NAME)";
				SWIFT_EMIT_LOC_STRINGS = NO;
				SWIFT_VERSION = 5.0;
				TARGETED_DEVICE_FAMILY = "1,2";
				TEST_TARGET_NAME = SwiftTogether;
			};
			name = Debug;
		};
		CA76DA5E2999DB8400DCC103 /* Release */ = {
			isa = XCBuildConfiguration;
			buildSettings = {
				ALWAYS_EMBED_SWIFT_STANDARD_LIBRARIES = YES;
				CODE_SIGN_STYLE = Automatic;
				CURRENT_PROJECT_VERSION = 1;
				GENERATE_INFOPLIST_FILE = YES;
				MARKETING_VERSION = 1.0;
				PRODUCT_BUNDLE_IDENTIFIER = com.longstake.SwiftTogetherUITests;
				PRODUCT_NAME = "$(TARGET_NAME)";
				SWIFT_EMIT_LOC_STRINGS = NO;
				SWIFT_VERSION = 5.0;
				TARGETED_DEVICE_FAMILY = "1,2";
				TEST_TARGET_NAME = SwiftTogether;
			};
			name = Release;
		};
/* End XCBuildConfiguration section */

/* Begin XCConfigurationList section */
		CA76DA272999DB8300DCC103 /* Build configuration list for PBXProject "SwiftTogether" */ = {
			isa = XCConfigurationList;
			buildConfigurations = (
				CA76DA542999DB8400DCC103 /* Debug */,
				CA76DA552999DB8400DCC103 /* Release */,
			);
			defaultConfigurationIsVisible = 0;
			defaultConfigurationName = Release;
		};
		CA76DA562999DB8400DCC103 /* Build configuration list for PBXNativeTarget "SwiftTogether" */ = {
			isa = XCConfigurationList;
			buildConfigurations = (
				CA76DA572999DB8400DCC103 /* Debug */,
				CA76DA582999DB8400DCC103 /* Release */,
			);
			defaultConfigurationIsVisible = 0;
			defaultConfigurationName = Release;
		};
		CA76DA592999DB8400DCC103 /* Build configuration list for PBXNativeTarget "SwiftTogetherTests" */ = {
			isa = XCConfigurationList;
			buildConfigurations = (
				CA76DA5A2999DB8400DCC103 /* Debug */,
				CA76DA5B2999DB8400DCC103 /* Release */,
			);
			defaultConfigurationIsVisible = 0;
			defaultConfigurationName = Release;
		};
		CA76DA5C2999DB8400DCC103 /* Build configuration list for PBXNativeTarget "SwiftTogetherUITests" */ = {
			isa = XCConfigurationList;
			buildConfigurations = (
				CA76DA5D2999DB8400DCC103 /* Debug */,
				CA76DA5E2999DB8400DCC103 /* Release */,
			);
			defaultConfigurationIsVisible = 0;
			defaultConfigurationName = Release;
		};
/* End XCConfigurationList section */
	};
	rootObject = CA76DA242999DB8300DCC103 /* Project object */;
}
